
Microsoft Visual Studio Solution File, Format Version 12.00
# Visual Studio Version 16
VisualStudioVersion = 16.0.31005.135
MinimumVisualStudioVersion = 10.0.40219.1
Project("{FAE04EC0-301F-11D3-BF4B-00C04F79EFBC}") = "EcoBlocApp_test.Android", "EcoBlocApp_test\EcoBlocApp_test.Android\EcoBlocApp_test.Android.csproj", "{CBD744EC-31C9-4B90-93BE-5BA2353EFE85}"
EndProject
Project("{FAE04EC0-301F-11D3-BF4B-00C04F79EFBC}") = "EcoBlocApp_test.iOS", "EcoBlocApp_test\EcoBlocApp_test.iOS\EcoBlocApp_test.iOS.csproj", "{461D2D64-1DDB-402D-9D51-701E806765ED}"
EndProject
Project("{9A19103F-16F7-4668-BE54-9A1E7A4F7556}") = "EcoBlocApp_test", "EcoBlocApp_test\EcoBlocApp_test\EcoBlocApp_test.csproj", "{E0B42A86-5760-4B27-B8C8-ABD8386BBCFF}"
EndProject
Project("{FAE04EC0-301F-11D3-BF4B-00C04F79EFBC}") = "EcoBlock_SQL", "EcoBlock_SQL\EcoBlock_SQL.csproj", "{85E1EE48-FE9E-4C7C-A9D3-F8F547D5C3EA}"
EndProject
Project("{FAE04EC0-301F-11D3-BF4B-00C04F79EFBC}") = "Eco_Block", "Eco_Block\Eco_Block.csproj", "{794B6CDE-7875-401E-A46A-76FB2A017DAC}"
EndProject
Global
	GlobalSection(SolutionConfigurationPlatforms) = preSolution
		Debug|Any CPU = Debug|Any CPU
		Debug|ARM = Debug|ARM
		Debug|ARM64 = Debug|ARM64
		Debug|iPhone = Debug|iPhone
		Debug|iPhoneSimulator = Debug|iPhoneSimulator
		Debug|x64 = Debug|x64
		Debug|x86 = Debug|x86
		Release|Any CPU = Release|Any CPU
		Release|ARM = Release|ARM
		Release|ARM64 = Release|ARM64
		Release|iPhone = Release|iPhone
		Release|iPhoneSimulator = Release|iPhoneSimulator
		Release|x64 = Release|x64
		Release|x86 = Release|x86
	EndGlobalSection
	GlobalSection(ProjectConfigurationPlatforms) = postSolution
		{CBD744EC-31C9-4B90-93BE-5BA2353EFE85}.Debug|Any CPU.ActiveCfg = Debug|Any CPU
		{CBD744EC-31C9-4B90-93BE-5BA2353EFE85}.Debug|Any CPU.Build.0 = Debug|Any CPU
		{CBD744EC-31C9-4B90-93BE-5BA2353EFE85}.Debug|Any CPU.Deploy.0 = Debug|Any CPU
		{CBD744EC-31C9-4B90-93BE-5BA2353EFE85}.Debug|ARM.ActiveCfg = Debug|Any CPU
		{CBD744EC-31C9-4B90-93BE-5BA2353EFE85}.Debug|ARM.Build.0 = Debug|Any CPU
		{CBD744EC-31C9-4B90-93BE-5BA2353EFE85}.Debug|ARM.Deploy.0 = Debug|Any CPU
		{CBD744EC-31C9-4B90-93BE-5BA2353EFE85}.Debug|ARM64.ActiveCfg = Debug|Any CPU
		{CBD744EC-31C9-4B90-93BE-5BA2353EFE85}.Debug|ARM64.Build.0 = Debug|Any CPU
		{CBD744EC-31C9-4B90-93BE-5BA2353EFE85}.Debug|ARM64.Deploy.0 = Debug|Any CPU
		{CBD744EC-31C9-4B90-93BE-5BA2353EFE85}.Debug|iPhone.ActiveCfg = Debug|Any CPU
		{CBD744EC-31C9-4B90-93BE-5BA2353EFE85}.Debug|iPhone.Build.0 = Debug|Any CPU
		{CBD744EC-31C9-4B90-93BE-5BA2353EFE85}.Debug|iPhone.Deploy.0 = Debug|Any CPU
		{CBD744EC-31C9-4B90-93BE-5BA2353EFE85}.Debug|iPhoneSimulator.ActiveCfg = Debug|Any CPU
		{CBD744EC-31C9-4B90-93BE-5BA2353EFE85}.Debug|iPhoneSimulator.Build.0 = Debug|Any CPU
		{CBD744EC-31C9-4B90-93BE-5BA2353EFE85}.Debug|iPhoneSimulator.Deploy.0 = Debug|Any CPU
		{CBD744EC-31C9-4B90-93BE-5BA2353EFE85}.Debug|x64.ActiveCfg = Debug|Any CPU
		{CBD744EC-31C9-4B90-93BE-5BA2353EFE85}.Debug|x64.Build.0 = Debug|Any CPU
		{CBD744EC-31C9-4B90-93BE-5BA2353EFE85}.Debug|x64.Deploy.0 = Debug|Any CPU
		{CBD744EC-31C9-4B90-93BE-5BA2353EFE85}.Debug|x86.ActiveCfg = Debug|Any CPU
		{CBD744EC-31C9-4B90-93BE-5BA2353EFE85}.Debug|x86.Build.0 = Debug|Any CPU
		{CBD744EC-31C9-4B90-93BE-5BA2353EFE85}.Debug|x86.Deploy.0 = Debug|Any CPU
		{CBD744EC-31C9-4B90-93BE-5BA2353EFE85}.Release|Any CPU.ActiveCfg = Release|Any CPU
		{CBD744EC-31C9-4B90-93BE-5BA2353EFE85}.Release|Any CPU.Build.0 = Release|Any CPU
		{CBD744EC-31C9-4B90-93BE-5BA2353EFE85}.Release|Any CPU.Deploy.0 = Release|Any CPU
		{CBD744EC-31C9-4B90-93BE-5BA2353EFE85}.Release|ARM.ActiveCfg = Release|Any CPU
		{CBD744EC-31C9-4B90-93BE-5BA2353EFE85}.Release|ARM.Build.0 = Release|Any CPU
		{CBD744EC-31C9-4B90-93BE-5BA2353EFE85}.Release|ARM.Deploy.0 = Release|Any CPU
		{CBD744EC-31C9-4B90-93BE-5BA2353EFE85}.Release|ARM64.ActiveCfg = Release|Any CPU
		{CBD744EC-31C9-4B90-93BE-5BA2353EFE85}.Release|ARM64.Build.0 = Release|Any CPU
		{CBD744EC-31C9-4B90-93BE-5BA2353EFE85}.Release|ARM64.Deploy.0 = Release|Any CPU
		{CBD744EC-31C9-4B90-93BE-5BA2353EFE85}.Release|iPhone.ActiveCfg = Release|Any CPU
		{CBD744EC-31C9-4B90-93BE-5BA2353EFE85}.Release|iPhone.Build.0 = Release|Any CPU
		{CBD744EC-31C9-4B90-93BE-5BA2353EFE85}.Release|iPhone.Deploy.0 = Release|Any CPU
		{CBD744EC-31C9-4B90-93BE-5BA2353EFE85}.Release|iPhoneSimulator.ActiveCfg = Release|Any CPU
		{CBD744EC-31C9-4B90-93BE-5BA2353EFE85}.Release|iPhoneSimulator.Build.0 = Release|Any CPU
		{CBD744EC-31C9-4B90-93BE-5BA2353EFE85}.Release|iPhoneSimulator.Deploy.0 = Release|Any CPU
		{CBD744EC-31C9-4B90-93BE-5BA2353EFE85}.Release|x64.ActiveCfg = Release|Any CPU
		{CBD744EC-31C9-4B90-93BE-5BA2353EFE85}.Release|x64.Build.0 = Release|Any CPU
		{CBD744EC-31C9-4B90-93BE-5BA2353EFE85}.Release|x64.Deploy.0 = Release|Any CPU
		{CBD744EC-31C9-4B90-93BE-5BA2353EFE85}.Release|x86.ActiveCfg = Release|Any CPU
		{CBD744EC-31C9-4B90-93BE-5BA2353EFE85}.Release|x86.Build.0 = Release|Any CPU
		{CBD744EC-31C9-4B90-93BE-5BA2353EFE85}.Release|x86.Deploy.0 = Release|Any CPU
		{461D2D64-1DDB-402D-9D51-701E806765ED}.Debug|Any CPU.ActiveCfg = Debug|iPhone
		{461D2D64-1DDB-402D-9D51-701E806765ED}.Debug|Any CPU.Build.0 = Debug|iPhone
		{461D2D64-1DDB-402D-9D51-701E806765ED}.Debug|Any CPU.Deploy.0 = Debug|iPhone
		{461D2D64-1DDB-402D-9D51-701E806765ED}.Debug|ARM.ActiveCfg = Debug|iPhoneSimulator
		{461D2D64-1DDB-402D-9D51-701E806765ED}.Debug|ARM64.ActiveCfg = Debug|iPhoneSimulator
		{461D2D64-1DDB-402D-9D51-701E806765ED}.Debug|iPhone.ActiveCfg = Debug|iPhone
		{461D2D64-1DDB-402D-9D51-701E806765ED}.Debug|iPhone.Build.0 = Debug|iPhone
		{461D2D64-1DDB-402D-9D51-701E806765ED}.Debug|iPhone.Deploy.0 = Debug|iPhone
		{461D2D64-1DDB-402D-9D51-701E806765ED}.Debug|iPhoneSimulator.ActiveCfg = Debug|iPhoneSimulator
		{461D2D64-1DDB-402D-9D51-701E806765ED}.Debug|iPhoneSimulator.Build.0 = Debug|iPhoneSimulator
		{461D2D64-1DDB-402D-9D51-701E806765ED}.Debug|iPhoneSimulator.Deploy.0 = Debug|iPhoneSimulator
		{461D2D64-1DDB-402D-9D51-701E806765ED}.Debug|x64.ActiveCfg = Debug|iPhoneSimulator
		{461D2D64-1DDB-402D-9D51-701E806765ED}.Debug|x86.ActiveCfg = Debug|iPhoneSimulator
		{461D2D64-1DDB-402D-9D51-701E806765ED}.Release|Any CPU.ActiveCfg = Release|iPhoneSimulator
		{461D2D64-1DDB-402D-9D51-701E806765ED}.Release|Any CPU.Build.0 = Release|iPhoneSimulator
		{461D2D64-1DDB-402D-9D51-701E806765ED}.Release|Any CPU.Deploy.0 = Release|iPhoneSimulator
		{461D2D64-1DDB-402D-9D51-701E806765ED}.Release|ARM.ActiveCfg = Release|iPhone
		{461D2D64-1DDB-402D-9D51-701E806765ED}.Release|ARM64.ActiveCfg = Release|iPhone
		{461D2D64-1DDB-402D-9D51-701E806765ED}.Release|iPhone.ActiveCfg = Release|iPhone
		{461D2D64-1DDB-402D-9D51-701E806765ED}.Release|iPhone.Build.0 = Release|iPhone
		{461D2D64-1DDB-402D-9D51-701E806765ED}.Release|iPhone.Deploy.0 = Release|iPhone
		{461D2D64-1DDB-402D-9D51-701E806765ED}.Release|iPhoneSimulator.ActiveCfg = Release|iPhoneSimulator
		{461D2D64-1DDB-402D-9D51-701E806765ED}.Release|iPhoneSimulator.Build.0 = Release|iPhoneSimulator
		{461D2D64-1DDB-402D-9D51-701E806765ED}.Release|iPhoneSimulator.Deploy.0 = Release|iPhoneSimulator
		{461D2D64-1DDB-402D-9D51-701E806765ED}.Release|x64.ActiveCfg = Release|iPhone
		{461D2D64-1DDB-402D-9D51-701E806765ED}.Release|x86.ActiveCfg = Release|iPhone
		{E0B42A86-5760-4B27-B8C8-ABD8386BBCFF}.Debug|Any CPU.ActiveCfg = Debug|Any CPU
		{E0B42A86-5760-4B27-B8C8-ABD8386BBCFF}.Debug|Any CPU.Build.0 = Debug|Any CPU
		{E0B42A86-5760-4B27-B8C8-ABD8386BBCFF}.Debug|Any CPU.Deploy.0 = Debug|Any CPU
		{E0B42A86-5760-4B27-B8C8-ABD8386BBCFF}.Debug|ARM.ActiveCfg = Debug|Any CPU
		{E0B42A86-5760-4B27-B8C8-ABD8386BBCFF}.Debug|ARM.Build.0 = Debug|Any CPU
		{E0B42A86-5760-4B27-B8C8-ABD8386BBCFF}.Debug|ARM64.ActiveCfg = Debug|Any CPU
		{E0B42A86-5760-4B27-B8C8-ABD8386BBCFF}.Debug|ARM64.Build.0 = Debug|Any CPU
		{E0B42A86-5760-4B27-B8C8-ABD8386BBCFF}.Debug|iPhone.ActiveCfg = Debug|Any CPU
		{E0B42A86-5760-4B27-B8C8-ABD8386BBCFF}.Debug|iPhone.Build.0 = Debug|Any CPU
		{E0B42A86-5760-4B27-B8C8-ABD8386BBCFF}.Debug|iPhone.Deploy.0 = Debug|Any CPU
		{E0B42A86-5760-4B27-B8C8-ABD8386BBCFF}.Debug|iPhoneSimulator.ActiveCfg = Debug|Any CPU
		{E0B42A86-5760-4B27-B8C8-ABD8386BBCFF}.Debug|iPhoneSimulator.Build.0 = Debug|Any CPU
		{E0B42A86-5760-4B27-B8C8-ABD8386BBCFF}.Debug|iPhoneSimulator.Deploy.0 = Debug|Any CPU
		{E0B42A86-5760-4B27-B8C8-ABD8386BBCFF}.Debug|x64.ActiveCfg = Debug|Any CPU
		{E0B42A86-5760-4B27-B8C8-ABD8386BBCFF}.Debug|x64.Build.0 = Debug|Any CPU
		{E0B42A86-5760-4B27-B8C8-ABD8386BBCFF}.Debug|x86.ActiveCfg = Debug|Any CPU
		{E0B42A86-5760-4B27-B8C8-ABD8386BBCFF}.Debug|x86.Build.0 = Debug|Any CPU
		{E0B42A86-5760-4B27-B8C8-ABD8386BBCFF}.Release|Any CPU.ActiveCfg = Release|Any CPU
		{E0B42A86-5760-4B27-B8C8-ABD8386BBCFF}.Release|Any CPU.Build.0 = Release|Any CPU
		{E0B42A86-5760-4B27-B8C8-ABD8386BBCFF}.Release|Any CPU.Deploy.0 = Release|Any CPU
		{E0B42A86-5760-4B27-B8C8-ABD8386BBCFF}.Release|ARM.ActiveCfg = Release|Any CPU
		{E0B42A86-5760-4B27-B8C8-ABD8386BBCFF}.Release|ARM.Build.0 = Release|Any CPU
		{E0B42A86-5760-4B27-B8C8-ABD8386BBCFF}.Release|ARM64.ActiveCfg = Release|Any CPU
		{E0B42A86-5760-4B27-B8C8-ABD8386BBCFF}.Release|ARM64.Build.0 = Release|Any CPU
		{E0B42A86-5760-4B27-B8C8-ABD8386BBCFF}.Release|iPhone.ActiveCfg = Release|Any CPU
		{E0B42A86-5760-4B27-B8C8-ABD8386BBCFF}.Release|iPhone.Build.0 = Release|Any CPU
		{E0B42A86-5760-4B27-B8C8-ABD8386BBCFF}.Release|iPhone.Deploy.0 = Release|Any CPU
		{E0B42A86-5760-4B27-B8C8-ABD8386BBCFF}.Release|iPhoneSimulator.ActiveCfg = Release|Any CPU
		{E0B42A86-5760-4B27-B8C8-ABD8386BBCFF}.Release|iPhoneSimulator.Build.0 = Release|Any CPU
		{E0B42A86-5760-4B27-B8C8-ABD8386BBCFF}.Release|iPhoneSimulator.Deploy.0 = Release|Any CPU
		{E0B42A86-5760-4B27-B8C8-ABD8386BBCFF}.Release|x64.ActiveCfg = Release|Any CPU
		{E0B42A86-5760-4B27-B8C8-ABD8386BBCFF}.Release|x64.Build.0 = Release|Any CPU
		{E0B42A86-5760-4B27-B8C8-ABD8386BBCFF}.Release|x86.ActiveCfg = Release|Any CPU
		{E0B42A86-5760-4B27-B8C8-ABD8386BBCFF}.Release|x86.Build.0 = Release|Any CPU
		{85E1EE48-FE9E-4C7C-A9D3-F8F547D5C3EA}.Debug|Any CPU.ActiveCfg = Debug|Any CPU
		{85E1EE48-FE9E-4C7C-A9D3-F8F547D5C3EA}.Debug|Any CPU.Build.0 = Debug|Any CPU
		{85E1EE48-FE9E-4C7C-A9D3-F8F547D5C3EA}.Debug|ARM.ActiveCfg = Debug|Any CPU
		{85E1EE48-FE9E-4C7C-A9D3-F8F547D5C3EA}.Debug|ARM.Build.0 = Debug|Any CPU
		{85E1EE48-FE9E-4C7C-A9D3-F8F547D5C3EA}.Debug|ARM64.ActiveCfg = Debug|Any CPU
		{85E1EE48-FE9E-4C7C-A9D3-F8F547D5C3EA}.Debug|ARM64.Build.0 = Debug|Any CPU
		{85E1EE48-FE9E-4C7C-A9D3-F8F547D5C3EA}.Debug|iPhone.ActiveCfg = Debug|Any CPU
		{85E1EE48-FE9E-4C7C-A9D3-F8F547D5C3EA}.Debug|iPhone.Build.0 = Debug|Any CPU
		{85E1EE48-FE9E-4C7C-A9D3-F8F547D5C3EA}.Debug|iPhoneSimulator.ActiveCfg = Debug|Any CPU
		{85E1EE48-FE9E-4C7C-A9D3-F8F547D5C3EA}.Debug|iPhoneSimulator.Build.0 = Debug|Any CPU
		{85E1EE48-FE9E-4C7C-A9D3-F8F547D5C3EA}.Debug|x64.ActiveCfg = Debug|Any CPU
		{85E1EE48-FE9E-4C7C-A9D3-F8F547D5C3EA}.Debug|x64.Build.0 = Debug|Any CPU
		{85E1EE48-FE9E-4C7C-A9D3-F8F547D5C3EA}.Debug|x86.ActiveCfg = Debug|Any CPU
		{85E1EE48-FE9E-4C7C-A9D3-F8F547D5C3EA}.Debug|x86.Build.0 = Debug|Any CPU
		{85E1EE48-FE9E-4C7C-A9D3-F8F547D5C3EA}.Release|Any CPU.ActiveCfg = Release|Any CPU
		{85E1EE48-FE9E-4C7C-A9D3-F8F547D5C3EA}.Release|Any CPU.Build.0 = Release|Any CPU
		{85E1EE48-FE9E-4C7C-A9D3-F8F547D5C3EA}.Release|ARM.ActiveCfg = Release|Any CPU
		{85E1EE48-FE9E-4C7C-A9D3-F8F547D5C3EA}.Release|ARM.Build.0 = Release|Any CPU
		{85E1EE48-FE9E-4C7C-A9D3-F8F547D5C3EA}.Release|ARM64.ActiveCfg = Release|Any CPU
		{85E1EE48-FE9E-4C7C-A9D3-F8F547D5C3EA}.Release|ARM64.Build.0 = Release|Any CPU
		{85E1EE48-FE9E-4C7C-A9D3-F8F547D5C3EA}.Release|iPhone.ActiveCfg = Release|Any CPU
		{85E1EE48-FE9E-4C7C-A9D3-F8F547D5C3EA}.Release|iPhone.Build.0 = Release|Any CPU
		{85E1EE48-FE9E-4C7C-A9D3-F8F547D5C3EA}.Release|iPhoneSimulator.ActiveCfg = Release|Any CPU
		{85E1EE48-FE9E-4C7C-A9D3-F8F547D5C3EA}.Release|iPhoneSimulator.Build.0 = Release|Any CPU
		{85E1EE48-FE9E-4C7C-A9D3-F8F547D5C3EA}.Release|x64.ActiveCfg = Release|Any CPU
		{85E1EE48-FE9E-4C7C-A9D3-F8F547D5C3EA}.Release|x64.Build.0 = Release|Any CPU
		{85E1EE48-FE9E-4C7C-A9D3-F8F547D5C3EA}.Release|x86.ActiveCfg = Release|Any CPU
		{85E1EE48-FE9E-4C7C-A9D3-F8F547D5C3EA}.Release|x86.Build.0 = Release|Any CPU
		{794B6CDE-7875-401E-A46A-76FB2A017DAC}.Debug|Any CPU.ActiveCfg = Debug|x86
		{794B6CDE-7875-401E-A46A-76FB2A017DAC}.Debug|ARM.ActiveCfg = Debug|ARM
		{794B6CDE-7875-401E-A46A-76FB2A017DAC}.Debug|ARM.Build.0 = Debug|ARM
		{794B6CDE-7875-401E-A46A-76FB2A017DAC}.Debug|ARM.Deploy.0 = Debug|ARM
		{794B6CDE-7875-401E-A46A-76FB2A017DAC}.Debug|ARM64.ActiveCfg = Debug|ARM64
		{794B6CDE-7875-401E-A46A-76FB2A017DAC}.Debug|ARM64.Build.0 = Debug|ARM64
		{794B6CDE-7875-401E-A46A-76FB2A017DAC}.Debug|ARM64.Deploy.0 = Debug|ARM64
		{794B6CDE-7875-401E-A46A-76FB2A017DAC}.Debug|iPhone.ActiveCfg = Debug|x86
		{794B6CDE-7875-401E-A46A-76FB2A017DAC}.Debug|iPhoneSimulator.ActiveCfg = Debug|x86
		{794B6CDE-7875-401E-A46A-76FB2A017DAC}.Debug|x64.ActiveCfg = Debug|x64
		{794B6CDE-7875-401E-A46A-76FB2A017DAC}.Debug|x64.Build.0 = Debug|x64
		{794B6CDE-7875-401E-A46A-76FB2A017DAC}.Debug|x64.Deploy.0 = Debug|x64
		{794B6CDE-7875-401E-A46A-76FB2A017DAC}.Debug|x86.ActiveCfg = Debug|x86
		{794B6CDE-7875-401E-A46A-76FB2A017DAC}.Debug|x86.Build.0 = Debug|x86
		{794B6CDE-7875-401E-A46A-76FB2A017DAC}.Debug|x86.Deploy.0 = Debug|x86
		{794B6CDE-7875-401E-A46A-76FB2A017DAC}.Release|Any CPU.ActiveCfg = Release|x86
		{794B6CDE-7875-401E-A46A-76FB2A017DAC}.Release|ARM.ActiveCfg = Release|ARM
		{794B6CDE-7875-401E-A46A-76FB2A017DAC}.Release|ARM.Build.0 = Release|ARM
		{794B6CDE-7875-401E-A46A-76FB2A017DAC}.Release|ARM.Deploy.0 = Release|ARM
		{794B6CDE-7875-401E-A46A-76FB2A017DAC}.Release|ARM64.ActiveCfg = Release|ARM64
		{794B6CDE-7875-401E-A46A-76FB2A017DAC}.Release|ARM64.Build.0 = Release|ARM64
		{794B6CDE-7875-401E-A46A-76FB2A017DAC}.Release|ARM64.Deploy.0 = Release|ARM64
		{794B6CDE-7875-401E-A46A-76FB2A017DAC}.Release|iPhone.ActiveCfg = Release|x86
		{794B6CDE-7875-401E-A46A-76FB2A017DAC}.Release|iPhoneSimulator.ActiveCfg = Release|x86
		{794B6CDE-7875-401E-A46A-76FB2A017DAC}.Release|x64.ActiveCfg = Release|x64
		{794B6CDE-7875-401E-A46A-76FB2A017DAC}.Release|x64.Build.0 = Release|x64
		{794B6CDE-7875-401E-A46A-76FB2A017DAC}.Release|x64.Deploy.0 = Release|x64
		{794B6CDE-7875-401E-A46A-76FB2A017DAC}.Release|x86.ActiveCfg = Release|x86
		{794B6CDE-7875-401E-A46A-76FB2A017DAC}.Release|x86.Build.0 = Release|x86
		{794B6CDE-7875-401E-A46A-76FB2A017DAC}.Release|x86.Deploy.0 = Release|x86
	EndGlobalSection
	GlobalSection(SolutionProperties) = preSolution
		HideSolutionNode = FALSE
	EndGlobalSection
	GlobalSection(ExtensibilityGlobals) = postSolution
		SolutionGuid = {122ED16B-6BF7-434A-B3C0-B2D8013AB8B9}
	EndGlobalSection
EndGlobal
